// !$*UTF8*$!
{
	archiveVersion = 1;
	classes = {
	};
	objectVersion = 46;
	objects = {

/* Begin PBXAggregateTarget section */
		94D4919A9368486BA9093D4A /* ZERO_CHECK */ = {
			isa = PBXAggregateTarget;
			buildConfigurationList = 4809707269CC483B880D224B /* Build configuration list for PBXAggregateTarget "ZERO_CHECK" */;
			buildPhases = (
				0EFA926637A843FFB8295E57 /* CMake Rules */,
			);
			dependencies = (
			);
			name = ZERO_CHECK;
			productName = ZERO_CHECK;
		};
		A07349527970449D9DE1C2D3 /* ALL_BUILD */ = {
			isa = PBXAggregateTarget;
			buildConfigurationList = 07902538C9D74742B9D141EB /* Build configuration list for PBXAggregateTarget "ALL_BUILD" */;
			buildPhases = (
				CBEC9ABA03B5479FB67155DD /* CMake Rules */,
			);
			dependencies = (
				A8F1CE28F0164196BFFBEE78 /* PBXTargetDependency */,
				FFEAE9C4F48E46FAACAE5665 /* PBXTargetDependency */,
			);
			name = ALL_BUILD;
			productName = ALL_BUILD;
		};
/* End PBXAggregateTarget section */

/* Begin PBXBuildFile section */
		0920AF0971EF4E178C61B4CE /* Texture.cpp in Sources */ = {isa = PBXBuildFile; fileRef = 45601FFBDF42403A86EAC97E /* Texture.cpp */; settings = {COMPILER_FLAGS = ""; }; };
		240D5BC48E924023AC3D248F /* GameObject.cpp in Sources */ = {isa = PBXBuildFile; fileRef = 9ECCF2EF541F4B9BB666FABE /* GameObject.cpp */; settings = {COMPILER_FLAGS = ""; }; };
		39A58C1B1C23069800DC77B6 /* SkyboxMesh.cpp in Sources */ = {isa = PBXBuildFile; fileRef = 39A58C1A1C23069000DC77B6 /* SkyboxMesh.cpp */; };
		48347A974B774986B434950D /* FBXLoader.cpp in Sources */ = {isa = PBXBuildFile; fileRef = 8C4DD23541F049D092D0C0CE /* FBXLoader.cpp */; settings = {COMPILER_FLAGS = ""; }; };
		805BEF8A02064F7C8E5FD5C0 /* Shader.cpp in Sources */ = {isa = PBXBuildFile; fileRef = 88061BD237F64106A2E4223E /* Shader.cpp */; settings = {COMPILER_FLAGS = ""; }; };
		DDD3B384E5DA42B3810AAD4A /* FileSystem.cpp in Sources */ = {isa = PBXBuildFile; fileRef = 5B841431327C4F48B07EE59B /* FileSystem.cpp */; settings = {COMPILER_FLAGS = ""; }; };
		F4215D2E9BD24E75A2A7B9C2 /* Graphics.cpp in Sources */ = {isa = PBXBuildFile; fileRef = E74E0E47A02547788CEF70FE /* Graphics.cpp */; settings = {COMPILER_FLAGS = ""; }; };
		F7CA6A1C1ED846F8BD772D0C /* main.cpp in Sources */ = {isa = PBXBuildFile; fileRef = DB49086DCCC744AE8322C470 /* main.cpp */; settings = {COMPILER_FLAGS = ""; }; };
		FE48391027844142AF4AD553 /* Material.cpp in Sources */ = {isa = PBXBuildFile; fileRef = 5EFD498306E64FD2AAB344EB /* Material.cpp */; settings = {COMPILER_FLAGS = ""; }; };
/* End PBXBuildFile section */

/* Begin PBXContainerItemProxy section */
		01727C05713E47D2A5EF7011 /* PBXContainerItemProxy */ = {
			isa = PBXContainerItemProxy;
			containerPortal = 80AE07A8C6D44AD3907B2CAE /* Project object */;
			proxyType = 1;
			remoteGlobalIDString = 94D4919A9368486BA9093D4A;
			remoteInfo = ZERO_CHECK;
		};
		CD00EE60C56F45998780B4F6 /* PBXContainerItemProxy */ = {
			isa = PBXContainerItemProxy;
			containerPortal = 80AE07A8C6D44AD3907B2CAE /* Project object */;
			proxyType = 1;
			remoteGlobalIDString = F60809EC07B2466F9F2B161A;
			remoteInfo = GP2CourseWork;
		};
		F660B081A586418FA6632366 /* PBXContainerItemProxy */ = {
			isa = PBXContainerItemProxy;
			containerPortal = 80AE07A8C6D44AD3907B2CAE /* Project object */;
			proxyType = 1;
			remoteGlobalIDString = 94D4919A9368486BA9093D4A;
			remoteInfo = ZERO_CHECK;
		};
/* End PBXContainerItemProxy section */

/* Begin PBXFileReference section */
		256574345EEE4D8A809B545F /* Material.h */ = {isa = PBXFileReference; explicitFileType = sourcecode.c.h; fileEncoding = 4; name = Material.h; path = include/Material.h; sourceTree = SOURCE_ROOT; };
		39A58C1A1C23069000DC77B6 /* SkyboxMesh.cpp */ = {isa = PBXFileReference; fileEncoding = 4; lastKnownFileType = sourcecode.cpp.cpp; name = SkyboxMesh.cpp; path = src/SkyboxMesh.cpp; sourceTree = "<group>"; };
		39A58C1C1C2306A000DC77B6 /* SkyboxCube.h */ = {isa = PBXFileReference; fileEncoding = 4; lastKnownFileType = sourcecode.c.h; name = SkyboxCube.h; path = include/SkyboxCube.h; sourceTree = "<group>"; };
		39A58C1D1C2306A000DC77B6 /* SkyboxMesh.h */ = {isa = PBXFileReference; fileEncoding = 4; lastKnownFileType = sourcecode.c.h; name = SkyboxMesh.h; path = include/SkyboxMesh.h; sourceTree = "<group>"; };
		45601FFBDF42403A86EAC97E /* Texture.cpp */ = {isa = PBXFileReference; explicitFileType = sourcecode.cpp.cpp; fileEncoding = 4; name = Texture.cpp; path = src/Texture.cpp; sourceTree = SOURCE_ROOT; };
		4880C151089B4F599BB8292D /* Mesh.h */ = {isa = PBXFileReference; explicitFileType = sourcecode.c.h; fileEncoding = 4; name = Mesh.h; path = include/Mesh.h; sourceTree = SOURCE_ROOT; };
		4F39FC9F973D4BBE969DBE0E /* CMakeLists.txt */ = {isa = PBXFileReference; explicitFileType = sourcecode.text; fileEncoding = 4; lastKnownFileType = text; path = CMakeLists.txt; sourceTree = SOURCE_ROOT; };
		5B841431327C4F48B07EE59B /* FileSystem.cpp */ = {isa = PBXFileReference; explicitFileType = sourcecode.cpp.cpp; fileEncoding = 4; name = FileSystem.cpp; path = src/FileSystem.cpp; sourceTree = SOURCE_ROOT; };
		5EFD498306E64FD2AAB344EB /* Material.cpp */ = {isa = PBXFileReference; explicitFileType = sourcecode.cpp.cpp; fileEncoding = 4; name = Material.cpp; path = src/Material.cpp; sourceTree = SOURCE_ROOT; };
		7060C2720E5D41A1A311519B /* CMakeLists.txt */ = {isa = PBXFileReference; explicitFileType = sourcecode.text; fileEncoding = 4; lastKnownFileType = text; path = CMakeLists.txt; sourceTree = SOURCE_ROOT; };
		84C6D141A9E14840956476FE /* Vertices.h */ = {isa = PBXFileReference; explicitFileType = sourcecode.c.h; fileEncoding = 4; name = Vertices.h; path = include/Vertices.h; sourceTree = SOURCE_ROOT; };
		875C296A2E4642B7A803646E /* FileSystem.h */ = {isa = PBXFileReference; explicitFileType = sourcecode.c.h; fileEncoding = 4; name = FileSystem.h; path = include/FileSystem.h; sourceTree = SOURCE_ROOT; };
		88061BD237F64106A2E4223E /* Shader.cpp */ = {isa = PBXFileReference; explicitFileType = sourcecode.cpp.cpp; fileEncoding = 4; name = Shader.cpp; path = src/Shader.cpp; sourceTree = SOURCE_ROOT; };
		8C4DD23541F049D092D0C0CE /* FBXLoader.cpp */ = {isa = PBXFileReference; explicitFileType = sourcecode.cpp.cpp; fileEncoding = 4; name = FBXLoader.cpp; path = src/FBXLoader.cpp; sourceTree = SOURCE_ROOT; };
		9ECCF2EF541F4B9BB666FABE /* GameObject.cpp */ = {isa = PBXFileReference; explicitFileType = sourcecode.cpp.cpp; fileEncoding = 4; name = GameObject.cpp; path = src/GameObject.cpp; sourceTree = SOURCE_ROOT; };
		A97E50CFA6B248E5B75D1DEA /* Texture.h */ = {isa = PBXFileReference; explicitFileType = sourcecode.c.h; fileEncoding = 4; name = Texture.h; path = include/Texture.h; sourceTree = SOURCE_ROOT; };
		B6C0517BD6B04B85998814B4 /* Graphics.h */ = {isa = PBXFileReference; explicitFileType = sourcecode.c.h; fileEncoding = 4; name = Graphics.h; path = include/Graphics.h; sourceTree = SOURCE_ROOT; };
		C025C2708AF64A1ABFC8B095 /* GP2CourseWork */ = {isa = PBXFileReference; explicitFileType = "compiled.mach-o.executable"; path = GP2CourseWork; sourceTree = BUILT_PRODUCTS_DIR; };
		C37C3ADBBDC64EA79DFAEF11 /* CMakeLists.txt */ = {isa = PBXFileReference; explicitFileType = sourcecode.text; fileEncoding = 4; lastKnownFileType = text; path = CMakeLists.txt; sourceTree = SOURCE_ROOT; };
		D42FF4C13F6A40EC998B110A /* GameObject.h */ = {isa = PBXFileReference; explicitFileType = sourcecode.c.h; fileEncoding = 4; name = GameObject.h; path = include/GameObject.h; sourceTree = SOURCE_ROOT; };
		DA284A9D3B0D437DB26F55DD /* Common.h */ = {isa = PBXFileReference; explicitFileType = sourcecode.c.h; fileEncoding = 4; name = Common.h; path = include/Common.h; sourceTree = SOURCE_ROOT; };
		DB49086DCCC744AE8322C470 /* main.cpp */ = {isa = PBXFileReference; explicitFileType = sourcecode.cpp.cpp; fileEncoding = 4; name = main.cpp; path = src/main.cpp; sourceTree = SOURCE_ROOT; };
		E6B40E30E6E642918AAE5227 /* Shader.h */ = {isa = PBXFileReference; explicitFileType = sourcecode.c.h; fileEncoding = 4; name = Shader.h; path = include/Shader.h; sourceTree = SOURCE_ROOT; };
		E74E0E47A02547788CEF70FE /* Graphics.cpp */ = {isa = PBXFileReference; explicitFileType = sourcecode.cpp.cpp; fileEncoding = 4; name = Graphics.cpp; path = src/Graphics.cpp; sourceTree = SOURCE_ROOT; };
		FF18B411884B470799DEE501 /* FBXLoader.h */ = {isa = PBXFileReference; explicitFileType = sourcecode.c.h; fileEncoding = 4; name = FBXLoader.h; path = include/FBXLoader.h; sourceTree = SOURCE_ROOT; };
/* End PBXFileReference section */

/* Begin PBXGroup section */
		05D6E0D384C34EE991606070 /* Header Files */ = {
			isa = PBXGroup;
			children = (
				39A58C1C1C2306A000DC77B6 /* SkyboxCube.h */,
				39A58C1D1C2306A000DC77B6 /* SkyboxMesh.h */,
				DA284A9D3B0D437DB26F55DD /* Common.h */,
				FF18B411884B470799DEE501 /* FBXLoader.h */,
				875C296A2E4642B7A803646E /* FileSystem.h */,
				D42FF4C13F6A40EC998B110A /* GameObject.h */,
				B6C0517BD6B04B85998814B4 /* Graphics.h */,
				256574345EEE4D8A809B545F /* Material.h */,
				4880C151089B4F599BB8292D /* Mesh.h */,
				E6B40E30E6E642918AAE5227 /* Shader.h */,
				A97E50CFA6B248E5B75D1DEA /* Texture.h */,
				84C6D141A9E14840956476FE /* Vertices.h */,
			);
			name = "Header Files";
			sourceTree = "<group>";
		};
		1C222B03B7E244CB812B32DE /* Sources */ = {
			isa = PBXGroup;
			children = (
				77AA85BF2C93489ABAB7054A /* ALL_BUILD */,
				EC1670F9157C4DDCAC32FA72 /* GP2CourseWork */,
				3951223DE598457A90E40F2B /* ZERO_CHECK */,
			);
			name = Sources;
			sourceTree = "<group>";
		};
		1E84C43434BC4E84A115CCC2 /* Source Files */ = {
			isa = PBXGroup;
			children = (
				39A58C1A1C23069000DC77B6 /* SkyboxMesh.cpp */,
				8C4DD23541F049D092D0C0CE /* FBXLoader.cpp */,
				5B841431327C4F48B07EE59B /* FileSystem.cpp */,
				9ECCF2EF541F4B9BB666FABE /* GameObject.cpp */,
				E74E0E47A02547788CEF70FE /* Graphics.cpp */,
				5EFD498306E64FD2AAB344EB /* Material.cpp */,
				88061BD237F64106A2E4223E /* Shader.cpp */,
				45601FFBDF42403A86EAC97E /* Texture.cpp */,
				DB49086DCCC744AE8322C470 /* main.cpp */,
			);
			name = "Source Files";
			sourceTree = "<group>";
		};
		2230208457314B81998C25D2 /* CMake Rules */ = {
			isa = PBXGroup;
			children = (
			);
			name = "CMake Rules";
			sourceTree = "<group>";
		};
		3951223DE598457A90E40F2B /* ZERO_CHECK */ = {
			isa = PBXGroup;
			children = (
				CBA45F68EFB64B8696CAB811 /* CMake Rules */,
				7060C2720E5D41A1A311519B /* CMakeLists.txt */,
			);
			name = ZERO_CHECK;
			sourceTree = "<group>";
		};
		77AA85BF2C93489ABAB7054A /* ALL_BUILD */ = {
			isa = PBXGroup;
			children = (
				2230208457314B81998C25D2 /* CMake Rules */,
				C37C3ADBBDC64EA79DFAEF11 /* CMakeLists.txt */,
			);
			name = ALL_BUILD;
			sourceTree = "<group>";
		};
		B6F4D753C2AB4DBCAFA92F67 /* Products */ = {
			isa = PBXGroup;
			children = (
				C025C2708AF64A1ABFC8B095 /* GP2CourseWork */,
			);
			name = Products;
			sourceTree = "<group>";
		};
		BE2944D5468E4C44818C02F6 = {
			isa = PBXGroup;
			children = (
				1C222B03B7E244CB812B32DE /* Sources */,
				EEFC9349295B4A4C93B4C7C3 /* Resources */,
				B6F4D753C2AB4DBCAFA92F67 /* Products */,
			);
			sourceTree = "<group>";
		};
		CBA45F68EFB64B8696CAB811 /* CMake Rules */ = {
			isa = PBXGroup;
			children = (
			);
			name = "CMake Rules";
			sourceTree = "<group>";
		};
		EC1670F9157C4DDCAC32FA72 /* GP2CourseWork */ = {
			isa = PBXGroup;
			children = (
				1E84C43434BC4E84A115CCC2 /* Source Files */,
				05D6E0D384C34EE991606070 /* Header Files */,
				4F39FC9F973D4BBE969DBE0E /* CMakeLists.txt */,
			);
			name = GP2CourseWork;
			sourceTree = "<group>";
		};
		EEFC9349295B4A4C93B4C7C3 /* Resources */ = {
			isa = PBXGroup;
			children = (
			);
			name = Resources;
			sourceTree = "<group>";
		};
/* End PBXGroup section */

/* Begin PBXNativeTarget section */
		F60809EC07B2466F9F2B161A /* GP2CourseWork */ = {
			isa = PBXNativeTarget;
			buildConfigurationList = 98E63A84DE264AA0999825D1 /* Build configuration list for PBXNativeTarget "GP2CourseWork" */;
			buildPhases = (
				399E3930102E4D89BEFEA133 /* CMake PreBuild Rules */,
				5540B1BFFB4E4A98AB370281 /* Sources */,
			);
			buildRules = (
			);
			dependencies = (
				DC5E4189615C4A75AE1341B8 /* PBXTargetDependency */,
			);
			name = GP2CourseWork;
			productName = GP2CourseWork;
			productReference = C025C2708AF64A1ABFC8B095 /* GP2CourseWork */;
			productType = "com.apple.product-type.tool";
		};
/* End PBXNativeTarget section */

/* Begin PBXProject section */
		80AE07A8C6D44AD3907B2CAE /* Project object */ = {
			isa = PBXProject;
			attributes = {
				BuildIndependentTargetsInParallel = YES;
			};
			buildConfigurationList = 6EE7B02B797844BF8006A119 /* Build configuration list for PBXProject "GP2CourseWork" */;
			compatibilityVersion = "Xcode 3.2";
			developmentRegion = English;
			hasScannedForEncodings = 0;
			knownRegions = (
				en,
			);
			mainGroup = BE2944D5468E4C44818C02F6;
			projectDirPath = ../;
			projectRoot = "";
			targets = (
				A07349527970449D9DE1C2D3 /* ALL_BUILD */,
				F60809EC07B2466F9F2B161A /* GP2CourseWork */,
				94D4919A9368486BA9093D4A /* ZERO_CHECK */,
			);
		};
/* End PBXProject section */

/* Begin PBXShellScriptBuildPhase section */
		0EFA926637A843FFB8295E57 /* CMake Rules */ = {
			isa = PBXShellScriptBuildPhase;
			buildActionMask = 2147483647;
			files = (
			);
			name = "CMake Rules";
			runOnlyForDeploymentPostprocessing = 0;
			shellPath = /bin/sh;
			shellScript = "make -C /Users/johnmcmillan/GP2CourseWork/builds -f /Users/johnmcmillan/GP2CourseWork/builds/CMakeScripts/ZERO_CHECK_cmakeRulesBuildPhase.make$CONFIGURATION all";
			showEnvVarsInLog = 0;
		};
		399E3930102E4D89BEFEA133 /* CMake PreBuild Rules */ = {
			isa = PBXShellScriptBuildPhase;
			buildActionMask = 2147483647;
			files = (
			);
			name = "CMake PreBuild Rules";
			runOnlyForDeploymentPostprocessing = 0;
			shellPath = /bin/sh;
			shellScript = "make -C /Users/johnmcmillan/GP2CourseWork/builds -f /Users/johnmcmillan/GP2CourseWork/builds/CMakeScripts/GP2CourseWork_preBuildCommands.make$CONFIGURATION all";
			showEnvVarsInLog = 0;
		};
		CBEC9ABA03B5479FB67155DD /* CMake Rules */ = {
			isa = PBXShellScriptBuildPhase;
			buildActionMask = 2147483647;
			files = (
			);
			name = "CMake Rules";
			runOnlyForDeploymentPostprocessing = 0;
			shellPath = /bin/sh;
			shellScript = "make -C /Users/johnmcmillan/GP2CourseWork/builds -f /Users/johnmcmillan/GP2CourseWork/builds/CMakeScripts/ALL_BUILD_cmakeRulesBuildPhase.make$CONFIGURATION all";
			showEnvVarsInLog = 0;
		};
/* End PBXShellScriptBuildPhase section */

/* Begin PBXSourcesBuildPhase section */
		5540B1BFFB4E4A98AB370281 /* Sources */ = {
			isa = PBXSourcesBuildPhase;
			buildActionMask = 2147483647;
			files = (
				48347A974B774986B434950D /* FBXLoader.cpp in Sources */,
				DDD3B384E5DA42B3810AAD4A /* FileSystem.cpp in Sources */,
				240D5BC48E924023AC3D248F /* GameObject.cpp in Sources */,
				F4215D2E9BD24E75A2A7B9C2 /* Graphics.cpp in Sources */,
				FE48391027844142AF4AD553 /* Material.cpp in Sources */,
				39A58C1B1C23069800DC77B6 /* SkyboxMesh.cpp in Sources */,
				805BEF8A02064F7C8E5FD5C0 /* Shader.cpp in Sources */,
				0920AF0971EF4E178C61B4CE /* Texture.cpp in Sources */,
				F7CA6A1C1ED846F8BD772D0C /* main.cpp in Sources */,
			);
			runOnlyForDeploymentPostprocessing = 0;
		};
/* End PBXSourcesBuildPhase section */

/* Begin PBXTargetDependency section */
		A8F1CE28F0164196BFFBEE78 /* PBXTargetDependency */ = {
			isa = PBXTargetDependency;
			target = 94D4919A9368486BA9093D4A /* ZERO_CHECK */;
			targetProxy = F660B081A586418FA6632366 /* PBXContainerItemProxy */;
		};
		DC5E4189615C4A75AE1341B8 /* PBXTargetDependency */ = {
			isa = PBXTargetDependency;
			target = 94D4919A9368486BA9093D4A /* ZERO_CHECK */;
			targetProxy = 01727C05713E47D2A5EF7011 /* PBXContainerItemProxy */;
		};
		FFEAE9C4F48E46FAACAE5665 /* PBXTargetDependency */ = {
			isa = PBXTargetDependency;
			target = F60809EC07B2466F9F2B161A /* GP2CourseWork */;
			targetProxy = CD00EE60C56F45998780B4F6 /* PBXContainerItemProxy */;
		};
/* End PBXTargetDependency section */

/* Begin XCBuildConfiguration section */
		11E26CE4F20749CB86118460 /* Release */ = {
			isa = XCBuildConfiguration;
			buildSettings = {
				ONLY_ACTIVE_ARCH = YES;
				SDKROOT = /Applications/Xcode.app/Contents/Developer/Platforms/MacOSX.platform/Developer/SDKs/MacOSX10.11.sdk;
				SYMROOT = /Users/johnmcmillan/GP2CourseWork/builds/build;
			};
			name = Release;
		};
		18A4FE2C59B248448894CDEB /* Release */ = {
			isa = XCBuildConfiguration;
			buildSettings = {
				COMBINE_HIDPI_IMAGES = YES;
				GCC_GENERATE_DEBUGGING_SYMBOLS = YES;
				GCC_INLINES_ARE_PRIVATE_EXTERN = NO;
				GCC_OPTIMIZATION_LEVEL = 0;
				GCC_PREPROCESSOR_DEFINITIONS = "'CMAKE_INTDIR=\"$(CONFIGURATION)$(EFFECTIVE_PLATFORM_NAME)\"'";
				GCC_SYMBOLS_PRIVATE_EXTERN = NO;
				HEADER_SEARCH_PATHS = (
					/Users/johnmcmillan/GP2CourseWork/GP2CourseWork,
					/Users/johnmcmillan/GP2CourseWork/include,
					/opt/local/include/SDL2,
					/opt/local/include,
					"\"/Applications/Autodesk/FBX SDK/2015.1/include\"",
				);
				INSTALL_PATH = "";
				OTHER_LDFLAGS = " ";
				OTHER_REZFLAGS = "";
				PRODUCT_NAME = ZERO_CHECK;
				SECTORDER_FLAGS = "";
				SYMROOT = /Users/johnmcmillan/GP2CourseWork/builds;
				USE_HEADERMAP = NO;
				WARNING_CFLAGS = (
					"-Wmost",
					"-Wno-four-char-constants",
					"-Wno-unknown-pragmas",
					"$(inherited)",
				);
			};
			name = Release;
		};
		4FC44506A7884006ACB9E7F6 /* Release */ = {
			isa = XCBuildConfiguration;
			buildSettings = {
				COMBINE_HIDPI_IMAGES = YES;
				GCC_GENERATE_DEBUGGING_SYMBOLS = YES;
				GCC_INLINES_ARE_PRIVATE_EXTERN = NO;
				GCC_OPTIMIZATION_LEVEL = 0;
				GCC_PREPROCESSOR_DEFINITIONS = "'CMAKE_INTDIR=\"$(CONFIGURATION)$(EFFECTIVE_PLATFORM_NAME)\"'";
				GCC_SYMBOLS_PRIVATE_EXTERN = NO;
				HEADER_SEARCH_PATHS = (
					/Users/johnmcmillan/GP2CourseWork/GP2CourseWork,
					/Users/johnmcmillan/GP2CourseWork/include,
					/opt/local/include/SDL2,
					/opt/local/include,
					"\"/Applications/Autodesk/FBX SDK/2015.1/include\"",
				);
				INSTALL_PATH = "";
				OTHER_LDFLAGS = " ";
				OTHER_REZFLAGS = "";
				PRODUCT_NAME = ALL_BUILD;
				SECTORDER_FLAGS = "";
				SYMROOT = /Users/johnmcmillan/GP2CourseWork/builds;
				USE_HEADERMAP = NO;
				WARNING_CFLAGS = (
					"-Wmost",
					"-Wno-four-char-constants",
					"-Wno-unknown-pragmas",
					"$(inherited)",
				);
			};
			name = Release;
		};
		77A79BF66ED447149863FF19 /* MinSizeRel */ = {
			isa = XCBuildConfiguration;
			buildSettings = {
				COMBINE_HIDPI_IMAGES = YES;
				GCC_GENERATE_DEBUGGING_SYMBOLS = YES;
				GCC_INLINES_ARE_PRIVATE_EXTERN = NO;
				GCC_OPTIMIZATION_LEVEL = 0;
				GCC_PREPROCESSOR_DEFINITIONS = "'CMAKE_INTDIR=\"$(CONFIGURATION)$(EFFECTIVE_PLATFORM_NAME)\"'";
				GCC_SYMBOLS_PRIVATE_EXTERN = NO;
				HEADER_SEARCH_PATHS = (
					/Users/johnmcmillan/GP2CourseWork/GP2CourseWork,
					/Users/johnmcmillan/GP2CourseWork/include,
					/opt/local/include/SDL2,
					/opt/local/include,
					"\"/Applications/Autodesk/FBX SDK/2015.1/include\"",
				);
				INSTALL_PATH = "";
				OTHER_LDFLAGS = " ";
				OTHER_REZFLAGS = "";
				PRODUCT_NAME = ALL_BUILD;
				SECTORDER_FLAGS = "";
				SYMROOT = /Users/johnmcmillan/GP2CourseWork/builds;
				USE_HEADERMAP = NO;
				WARNING_CFLAGS = (
					"-Wmost",
					"-Wno-four-char-constants",
					"-Wno-unknown-pragmas",
					"$(inherited)",
				);
			};
			name = MinSizeRel;
		};
		785B2EA6A5014F97AAD56C4A /* Debug */ = {
			isa = XCBuildConfiguration;
			buildSettings = {
				COMBINE_HIDPI_IMAGES = YES;
				GCC_GENERATE_DEBUGGING_SYMBOLS = YES;
				GCC_INLINES_ARE_PRIVATE_EXTERN = NO;
				GCC_OPTIMIZATION_LEVEL = 0;
				GCC_PREPROCESSOR_DEFINITIONS = "'CMAKE_INTDIR=\"$(CONFIGURATION)$(EFFECTIVE_PLATFORM_NAME)\"'";
				GCC_SYMBOLS_PRIVATE_EXTERN = NO;
				HEADER_SEARCH_PATHS = (
					/Users/johnmcmillan/GP2CourseWork/GP2CourseWork,
					/Users/johnmcmillan/GP2CourseWork/include,
					/opt/local/include/SDL2,
					/opt/local/include,
					"\"/Applications/Autodesk/FBX SDK/2015.1/include\"",
				);
				INSTALL_PATH = "";
				OTHER_LDFLAGS = " ";
				OTHER_REZFLAGS = "";
				PRODUCT_NAME = ZERO_CHECK;
				SECTORDER_FLAGS = "";
				SYMROOT = /Users/johnmcmillan/GP2CourseWork/builds;
				USE_HEADERMAP = NO;
				WARNING_CFLAGS = (
					"-Wmost",
					"-Wno-four-char-constants",
					"-Wno-unknown-pragmas",
					"$(inherited)",
				);
			};
			name = Debug;
		};
		7D808D029AEB40E9B11E6DE3 /* RelWithDebInfo */ = {
			isa = XCBuildConfiguration;
			buildSettings = {
				ONLY_ACTIVE_ARCH = YES;
				SDKROOT = /Applications/Xcode.app/Contents/Developer/Platforms/MacOSX.platform/Developer/SDKs/MacOSX10.11.sdk;
				SYMROOT = /Users/johnmcmillan/GP2CourseWork/builds/build;
			};
			name = RelWithDebInfo;
		};
		8580AB47CB8F4165B0B82007 /* RelWithDebInfo */ = {
			isa = XCBuildConfiguration;
			buildSettings = {
				COMBINE_HIDPI_IMAGES = YES;
				EXECUTABLE_PREFIX = "";
				EXECUTABLE_SUFFIX = "";
				GCC_GENERATE_DEBUGGING_SYMBOLS = YES;
				GCC_INLINES_ARE_PRIVATE_EXTERN = NO;
				GCC_OPTIMIZATION_LEVEL = 2;
				GCC_PREPROCESSOR_DEFINITIONS = "'CMAKE_INTDIR=\"$(CONFIGURATION)$(EFFECTIVE_PLATFORM_NAME)\"'";
				GCC_SYMBOLS_PRIVATE_EXTERN = NO;
				HEADER_SEARCH_PATHS = (
					/Users/johnmcmillan/GP2CourseWork/GP2CourseWork,
					/Users/johnmcmillan/GP2CourseWork/include,
					/opt/local/include/SDL2,
					/opt/local/include,
					"\"/Applications/Autodesk/FBX SDK/2015.1/include\"",
				);
				INSTALL_PATH = "";
				LIBRARY_SEARCH_PATHS = "";
				OTHER_CPLUSPLUSFLAGS = (
					"-std=c++0x",
					"-DNDEBUG",
				);
				OTHER_LDFLAGS = (
					"-Wl,-search_paths_first",
					"-Wl,-headerpad_max_install_names",
					/opt/local/lib/libSDL2main.a,
					/opt/local/lib/libSDL2.dylib,
					"-framework",
					Cocoa,
					"-framework",
					AGL,
					"-framework",
					OpenGL,
					/opt/local/lib/libGLEW.dylib,
					/opt/local/lib/libSDL2_image.dylib,
					/opt/local/lib/libSDL2_ttf.dylib,
					"\"/Applications/Autodesk/FBX SDK/2015.1/lib/clang/release/libfbxsdk.a\"",
				);
				OTHER_REZFLAGS = "";
				PRODUCT_NAME = GP2CourseWork;
				SECTORDER_FLAGS = "";
				SYMROOT = /Users/johnmcmillan/GP2CourseWork/builds;
				USE_HEADERMAP = NO;
				WARNING_CFLAGS = (
					"-Wmost",
					"-Wno-four-char-constants",
					"-Wno-unknown-pragmas",
					"$(inherited)",
				);
			};
			name = RelWithDebInfo;
		};
		85E87B847B004A95AD700FC8 /* Debug */ = {
			isa = XCBuildConfiguration;
			buildSettings = {
				ONLY_ACTIVE_ARCH = YES;
				SDKROOT = /Applications/Xcode.app/Contents/Developer/Platforms/MacOSX.platform/Developer/SDKs/MacOSX10.11.sdk;
				SYMROOT = /Users/johnmcmillan/GP2CourseWork/builds/build;
			};
			name = Debug;
		};
		9005EC07E16D41D8BE305B00 /* MinSizeRel */ = {
			isa = XCBuildConfiguration;
			buildSettings = {
				COMBINE_HIDPI_IMAGES = YES;
				EXECUTABLE_PREFIX = "";
				EXECUTABLE_SUFFIX = "";
				GCC_GENERATE_DEBUGGING_SYMBOLS = NO;
				GCC_INLINES_ARE_PRIVATE_EXTERN = NO;
				GCC_OPTIMIZATION_LEVEL = s;
				GCC_PREPROCESSOR_DEFINITIONS = "'CMAKE_INTDIR=\"$(CONFIGURATION)$(EFFECTIVE_PLATFORM_NAME)\"'";
				GCC_SYMBOLS_PRIVATE_EXTERN = NO;
				HEADER_SEARCH_PATHS = (
					/Users/johnmcmillan/GP2CourseWork/GP2CourseWork,
					/Users/johnmcmillan/GP2CourseWork/include,
					/opt/local/include/SDL2,
					/opt/local/include,
					"\"/Applications/Autodesk/FBX SDK/2015.1/include\"",
				);
				INSTALL_PATH = "";
				LIBRARY_SEARCH_PATHS = "";
				OTHER_CPLUSPLUSFLAGS = (
					"-std=c++0x",
					"-DNDEBUG",
				);
				OTHER_LDFLAGS = (
					"-Wl,-search_paths_first",
					"-Wl,-headerpad_max_install_names",
					/opt/local/lib/libSDL2main.a,
					/opt/local/lib/libSDL2.dylib,
					"-framework",
					Cocoa,
					"-framework",
					AGL,
					"-framework",
					OpenGL,
					/opt/local/lib/libGLEW.dylib,
					/opt/local/lib/libSDL2_image.dylib,
					/opt/local/lib/libSDL2_ttf.dylib,
					"\"/Applications/Autodesk/FBX SDK/2015.1/lib/clang/release/libfbxsdk.a\"",
				);
				OTHER_REZFLAGS = "";
				PRODUCT_NAME = GP2CourseWork;
				SECTORDER_FLAGS = "";
				SYMROOT = /Users/johnmcmillan/GP2CourseWork/builds;
				USE_HEADERMAP = NO;
				WARNING_CFLAGS = (
					"-Wmost",
					"-Wno-four-char-constants",
					"-Wno-unknown-pragmas",
					"$(inherited)",
				);
			};
			name = MinSizeRel;
		};
		A8CC756AB7F0449DB6AEF23C /* MinSizeRel */ = {
			isa = XCBuildConfiguration;
			buildSettings = {
				ONLY_ACTIVE_ARCH = YES;
				SDKROOT = /Applications/Xcode.app/Contents/Developer/Platforms/MacOSX.platform/Developer/SDKs/MacOSX10.11.sdk;
				SYMROOT = /Users/johnmcmillan/GP2CourseWork/builds/build;
			};
			name = MinSizeRel;
		};
		B5226C76B18D4C8995B9AEC2 /* Release */ = {
			isa = XCBuildConfiguration;
			buildSettings = {
				COMBINE_HIDPI_IMAGES = YES;
				EXECUTABLE_PREFIX = "";
				EXECUTABLE_SUFFIX = "";
				GCC_GENERATE_DEBUGGING_SYMBOLS = NO;
				GCC_INLINES_ARE_PRIVATE_EXTERN = NO;
				GCC_OPTIMIZATION_LEVEL = 3;
				GCC_PREPROCESSOR_DEFINITIONS = "'CMAKE_INTDIR=\"$(CONFIGURATION)$(EFFECTIVE_PLATFORM_NAME)\"'";
				GCC_SYMBOLS_PRIVATE_EXTERN = NO;
				HEADER_SEARCH_PATHS = (
					/Users/johnmcmillan/GP2CourseWork/GP2CourseWork,
					/Users/johnmcmillan/GP2CourseWork/include,
					/opt/local/include/SDL2,
					/opt/local/include,
					"\"/Applications/Autodesk/FBX SDK/2015.1/include\"",
				);
				INSTALL_PATH = "";
				LIBRARY_SEARCH_PATHS = "";
				OTHER_CPLUSPLUSFLAGS = (
					"-std=c++0x",
					"-DNDEBUG",
				);
				OTHER_LDFLAGS = (
					"-Wl,-search_paths_first",
					"-Wl,-headerpad_max_install_names",
					/opt/local/lib/libSDL2main.a,
					/opt/local/lib/libSDL2.dylib,
					"-framework",
					Cocoa,
					"-framework",
					AGL,
					"-framework",
					OpenGL,
					/opt/local/lib/libGLEW.dylib,
					/opt/local/lib/libSDL2_image.dylib,
					/opt/local/lib/libSDL2_ttf.dylib,
					"\"/Applications/Autodesk/FBX SDK/2015.1/lib/clang/release/libfbxsdk.a\"",
				);
				OTHER_REZFLAGS = "";
				PRODUCT_NAME = GP2CourseWork;
				SECTORDER_FLAGS = "";
				SYMROOT = /Users/johnmcmillan/GP2CourseWork/builds;
				USE_HEADERMAP = NO;
				WARNING_CFLAGS = (
					"-Wmost",
					"-Wno-four-char-constants",
					"-Wno-unknown-pragmas",
					"$(inherited)",
				);
			};
			name = Release;
		};
		BC5F4DE8C52740E1BBA64EA0 /* Debug */ = {
			isa = XCBuildConfiguration;
			buildSettings = {
				COMBINE_HIDPI_IMAGES = YES;
				GCC_GENERATE_DEBUGGING_SYMBOLS = YES;
				GCC_INLINES_ARE_PRIVATE_EXTERN = NO;
				GCC_OPTIMIZATION_LEVEL = 0;
				GCC_PREPROCESSOR_DEFINITIONS = "'CMAKE_INTDIR=\"$(CONFIGURATION)$(EFFECTIVE_PLATFORM_NAME)\"'";
				GCC_SYMBOLS_PRIVATE_EXTERN = NO;
				HEADER_SEARCH_PATHS = (
					/Users/johnmcmillan/GP2CourseWork/GP2CourseWork,
					/Users/johnmcmillan/GP2CourseWork/include,
					/opt/local/include/SDL2,
					/opt/local/include,
					"\"/Applications/Autodesk/FBX SDK/2015.1/include\"",
				);
				INSTALL_PATH = "";
				OTHER_LDFLAGS = " ";
				OTHER_REZFLAGS = "";
				PRODUCT_NAME = ALL_BUILD;
				SECTORDER_FLAGS = "";
				SYMROOT = /Users/johnmcmillan/GP2CourseWork/builds;
				USE_HEADERMAP = NO;
				WARNING_CFLAGS = (
					"-Wmost",
					"-Wno-four-char-constants",
					"-Wno-unknown-pragmas",
					"$(inherited)",
				);
			};
			name = Debug;
		};
		BE7A66D284D94FFBBB241D05 /* RelWithDebInfo */ = {
			isa = XCBuildConfiguration;
			buildSettings = {
				COMBINE_HIDPI_IMAGES = YES;
				GCC_GENERATE_DEBUGGING_SYMBOLS = YES;
				GCC_INLINES_ARE_PRIVATE_EXTERN = NO;
				GCC_OPTIMIZATION_LEVEL = 0;
				GCC_PREPROCESSOR_DEFINITIONS = "'CMAKE_INTDIR=\"$(CONFIGURATION)$(EFFECTIVE_PLATFORM_NAME)\"'";
				GCC_SYMBOLS_PRIVATE_EXTERN = NO;
				HEADER_SEARCH_PATHS = (
					/Users/johnmcmillan/GP2CourseWork/GP2CourseWork,
					/Users/johnmcmillan/GP2CourseWork/include,
					/opt/local/include/SDL2,
					/opt/local/include,
					"\"/Applications/Autodesk/FBX SDK/2015.1/include\"",
				);
				INSTALL_PATH = "";
				OTHER_LDFLAGS = " ";
				OTHER_REZFLAGS = "";
				PRODUCT_NAME = ALL_BUILD;
				SECTORDER_FLAGS = "";
				SYMROOT = /Users/johnmcmillan/GP2CourseWork/builds;
				USE_HEADERMAP = NO;
				WARNING_CFLAGS = (
					"-Wmost",
					"-Wno-four-char-constants",
					"-Wno-unknown-pragmas",
					"$(inherited)",
				);
			};
			name = RelWithDebInfo;
		};
		C536CE6AF46647F1924FA044 /* RelWithDebInfo */ = {
			isa = XCBuildConfiguration;
			buildSettings = {
				COMBINE_HIDPI_IMAGES = YES;
				GCC_GENERATE_DEBUGGING_SYMBOLS = YES;
				GCC_INLINES_ARE_PRIVATE_EXTERN = NO;
				GCC_OPTIMIZATION_LEVEL = 0;
				GCC_PREPROCESSOR_DEFINITIONS = "'CMAKE_INTDIR=\"$(CONFIGURATION)$(EFFECTIVE_PLATFORM_NAME)\"'";
				GCC_SYMBOLS_PRIVATE_EXTERN = NO;
				HEADER_SEARCH_PATHS = (
					/Users/johnmcmillan/GP2CourseWork/GP2CourseWork,
					/Users/johnmcmillan/GP2CourseWork/include,
					/opt/local/include/SDL2,
					/opt/local/include,
					"\"/Applications/Autodesk/FBX SDK/2015.1/include\"",
				);
				INSTALL_PATH = "";
				OTHER_LDFLAGS = " ";
				OTHER_REZFLAGS = "";
				PRODUCT_NAME = ZERO_CHECK;
				SECTORDER_FLAGS = "";
				SYMROOT = /Users/johnmcmillan/GP2CourseWork/builds;
				USE_HEADERMAP = NO;
				WARNING_CFLAGS = (
					"-Wmost",
					"-Wno-four-char-constants",
					"-Wno-unknown-pragmas",
					"$(inherited)",
				);
			};
			name = RelWithDebInfo;
		};
		D1E700CF9F204B4D99B6A5B1 /* MinSizeRel */ = {
			isa = XCBuildConfiguration;
			buildSettings = {
				COMBINE_HIDPI_IMAGES = YES;
				GCC_GENERATE_DEBUGGING_SYMBOLS = YES;
				GCC_INLINES_ARE_PRIVATE_EXTERN = NO;
				GCC_OPTIMIZATION_LEVEL = 0;
				GCC_PREPROCESSOR_DEFINITIONS = "'CMAKE_INTDIR=\"$(CONFIGURATION)$(EFFECTIVE_PLATFORM_NAME)\"'";
				GCC_SYMBOLS_PRIVATE_EXTERN = NO;
				HEADER_SEARCH_PATHS = (
					/Users/johnmcmillan/GP2CourseWork/GP2CourseWork,
					/Users/johnmcmillan/GP2CourseWork/include,
					/opt/local/include/SDL2,
					/opt/local/include,
					"\"/Applications/Autodesk/FBX SDK/2015.1/include\"",
				);
				INSTALL_PATH = "";
				OTHER_LDFLAGS = " ";
				OTHER_REZFLAGS = "";
				PRODUCT_NAME = ZERO_CHECK;
				SECTORDER_FLAGS = "";
				SYMROOT = /Users/johnmcmillan/GP2CourseWork/builds;
				USE_HEADERMAP = NO;
				WARNING_CFLAGS = (
					"-Wmost",
					"-Wno-four-char-constants",
					"-Wno-unknown-pragmas",
					"$(inherited)",
				);
			};
			name = MinSizeRel;
		};
		D5B5A3A13851482B8B45B111 /* Debug */ = {
			isa = XCBuildConfiguration;
			buildSettings = {
				COMBINE_HIDPI_IMAGES = YES;
				EXECUTABLE_PREFIX = "";
				EXECUTABLE_SUFFIX = "";
				GCC_GENERATE_DEBUGGING_SYMBOLS = YES;
				GCC_INLINES_ARE_PRIVATE_EXTERN = NO;
				GCC_OPTIMIZATION_LEVEL = 0;
				GCC_PREPROCESSOR_DEFINITIONS = "'CMAKE_INTDIR=\"$(CONFIGURATION)$(EFFECTIVE_PLATFORM_NAME)\"'";
				GCC_SYMBOLS_PRIVATE_EXTERN = NO;
				HEADER_SEARCH_PATHS = (
					/Users/johnmcmillan/GP2CourseWork/GP2CourseWork,
					/Users/johnmcmillan/GP2CourseWork/include,
					/opt/local/include/SDL2,
					/opt/local/include,
					"\"/Applications/Autodesk/FBX SDK/2015.1/include\"",
				);
				INSTALL_PATH = "";
				LIBRARY_SEARCH_PATHS = "";
				OTHER_CPLUSPLUSFLAGS = "-std=c++0x      ";
				OTHER_LDFLAGS = (
					"-Wl,-search_paths_first",
					"-Wl,-headerpad_max_install_names",
					/opt/local/lib/libSDL2main.a,
					/opt/local/lib/libSDL2.dylib,
					"-framework",
					Cocoa,
					"-framework",
					AGL,
					"-framework",
					OpenGL,
					/opt/local/lib/libGLEW.dylib,
					/opt/local/lib/libSDL2_image.dylib,
					/opt/local/lib/libSDL2_ttf.dylib,
					"\"/Applications/Autodesk/FBX SDK/2015.1/lib/clang/release/libfbxsdk.a\"",
				);
				OTHER_REZFLAGS = "";
				PRODUCT_NAME = GP2CourseWork;
				SECTORDER_FLAGS = "";
				SYMROOT = /Users/johnmcmillan/GP2CourseWork/builds;
				USE_HEADERMAP = NO;
				WARNING_CFLAGS = (
					"-Wmost",
					"-Wno-four-char-constants",
					"-Wno-unknown-pragmas",
					"$(inherited)",
				);
			};
			name = Debug;
		};
/* End XCBuildConfiguration section */

/* Begin XCConfigurationList section */
		07902538C9D74742B9D141EB /* Build configuration list for PBXAggregateTarget "ALL_BUILD" */ = {
			isa = XCConfigurationList;
			buildConfigurations = (
				BC5F4DE8C52740E1BBA64EA0 /* Debug */,
				4FC44506A7884006ACB9E7F6 /* Release */,
				77A79BF66ED447149863FF19 /* MinSizeRel */,
				BE7A66D284D94FFBBB241D05 /* RelWithDebInfo */,
			);
			defaultConfigurationIsVisible = 0;
			defaultConfigurationName = Debug;
		};
		4809707269CC483B880D224B /* Build configuration list for PBXAggregateTarget "ZERO_CHECK" */ = {
			isa = XCConfigurationList;
			buildConfigurations = (
				785B2EA6A5014F97AAD56C4A /* Debug */,
				18A4FE2C59B248448894CDEB /* Release */,
				D1E700CF9F204B4D99B6A5B1 /* MinSizeRel */,
				C536CE6AF46647F1924FA044 /* RelWithDebInfo */,
			);
			defaultConfigurationIsVisible = 0;
			defaultConfigurationName = Debug;
		};
		6EE7B02B797844BF8006A119 /* Build configuration list for PBXProject "GP2CourseWork" */ = {
			isa = XCConfigurationList;
			buildConfigurations = (
				85E87B847B004A95AD700FC8 /* Debug */,
				11E26CE4F20749CB86118460 /* Release */,
				A8CC756AB7F0449DB6AEF23C /* MinSizeRel */,
				7D808D029AEB40E9B11E6DE3 /* RelWithDebInfo */,
			);
			defaultConfigurationIsVisible = 0;
			defaultConfigurationName = Debug;
		};
		98E63A84DE264AA0999825D1 /* Build configuration list for PBXNativeTarget "GP2CourseWork" */ = {
			isa = XCConfigurationList;
			buildConfigurations = (
				D5B5A3A13851482B8B45B111 /* Debug */,
				B5226C76B18D4C8995B9AEC2 /* Release */,
				9005EC07E16D41D8BE305B00 /* MinSizeRel */,
				8580AB47CB8F4165B0B82007 /* RelWithDebInfo */,
			);
			defaultConfigurationIsVisible = 0;
			defaultConfigurationName = Debug;
		};
/* End XCConfigurationList section */
	};
	rootObject = 80AE07A8C6D44AD3907B2CAE /* Project object */;
}
